
Microsoft Visual Studio Solution File, Format Version 12.00
# Visual Studio 14
VisualStudioVersion = 14.0.25420.1
MinimumVisualStudioVersion = 10.0.40219.1
Project("{FAE04EC0-301F-11D3-BF4B-00C04F79EFBC}") = "eToolsSystem", "eToolsSystem\eToolsSystem.csproj", "{8D1614A2-BC5F-4FFB-B0B0-194AF4FF554A}"
EndProject
Project("{FAE04EC0-301F-11D3-BF4B-00C04F79EFBC}") = "eToolsSystem.Data", "eToolsSystem.Data\eToolsSystem.Data.csproj", "{FBD716FD-C1ED-45F7-9974-208F34163F52}"
EndProject
Project("{E24C65DC-7377-472B-9ABA-BC803B73C61A}") = "eToolsWebsite", "eToolsWebsite\", "{EFC37271-E399-41CD-9DA8-2F4D78668070}"
	ProjectSection(WebsiteProperties) = preProject
		TargetFrameworkMoniker = ".NETFramework,Version%3Dv4.5.2"
		ProjectReferences = "{8d1614a2-bc5f-4ffb-b0b0-194af4ff554a}|eToolsSystem.dll;{fbd716fd-c1ed-45f7-9974-208f34163f52}|eToolsSystem.Data.dll;"
		Debug.AspNetCompiler.VirtualPath = "/localhost_2848"
		Debug.AspNetCompiler.PhysicalPath = "eToolsWebsite\"
		Debug.AspNetCompiler.TargetPath = "PrecompiledWeb\localhost_2848\"
		Debug.AspNetCompiler.Updateable = "true"
		Debug.AspNetCompiler.ForceOverwrite = "true"
		Debug.AspNetCompiler.FixedNames = "false"
		Debug.AspNetCompiler.Debug = "True"
		Release.AspNetCompiler.VirtualPath = "/localhost_2848"
		Release.AspNetCompiler.PhysicalPath = "eToolsWebsite\"
		Release.AspNetCompiler.TargetPath = "PrecompiledWeb\localhost_2848\"
		Release.AspNetCompiler.Updateable = "true"
		Release.AspNetCompiler.ForceOverwrite = "true"
		Release.AspNetCompiler.FixedNames = "false"
		Release.AspNetCompiler.Debug = "False"
		VWDPort = "2848"
		DefaultWebSiteLanguage = "Visual C#"
	EndProjectSection
EndProject
Global
	GlobalSection(SolutionConfigurationPlatforms) = preSolution
		Debug|Any CPU = Debug|Any CPU
		Release|Any CPU = Release|Any CPU
	EndGlobalSection
	GlobalSection(ProjectConfigurationPlatforms) = postSolution
		{8D1614A2-BC5F-4FFB-B0B0-194AF4FF554A}.Debug|Any CPU.ActiveCfg = Debug|Any CPU
		{8D1614A2-BC5F-4FFB-B0B0-194AF4FF554A}.Debug|Any CPU.Build.0 = Debug|Any CPU
		{8D1614A2-BC5F-4FFB-B0B0-194AF4FF554A}.Release|Any CPU.ActiveCfg = Release|Any CPU
		{8D1614A2-BC5F-4FFB-B0B0-194AF4FF554A}.Release|Any CPU.Build.0 = Release|Any CPU
		{FBD716FD-C1ED-45F7-9974-208F34163F52}.Debug|Any CPU.ActiveCfg = Debug|Any CPU
		{FBD716FD-C1ED-45F7-9974-208F34163F52}.Debug|Any CPU.Build.0 = Debug|Any CPU
		{FBD716FD-C1ED-45F7-9974-208F34163F52}.Release|Any CPU.ActiveCfg = Release|Any CPU
		{FBD716FD-C1ED-45F7-9974-208F34163F52}.Release|Any CPU.Build.0 = Release|Any CPU
		{EFC37271-E399-41CD-9DA8-2F4D78668070}.Debug|Any CPU.ActiveCfg = Debug|Any CPU
		{EFC37271-E399-41CD-9DA8-2F4D78668070}.Debug|Any CPU.Build.0 = Debug|Any CPU
		{EFC37271-E399-41CD-9DA8-2F4D78668070}.Release|Any CPU.ActiveCfg = Debug|Any CPU
		{EFC37271-E399-41CD-9DA8-2F4D78668070}.Release|Any CPU.Build.0 = Debug|Any CPU
	EndGlobalSection
	GlobalSection(SolutionProperties) = preSolution
		HideSolutionNode = FALSE
	EndGlobalSection
EndGlobal
